
Microsoft Visual Studio Solution File, Format Version 12.00
# Visual Studio 2017
Project("{FAE04EC0-301F-11D3-BF4B-00C04F79EFBC}") = "Holohome", "Holohome.csproj", "{F3428F4B-7146-1FF5-7B03-90166108FEF9}"
EndProject
Project("{FAE04EC0-301F-11D3-BF4B-00C04F79EFBC}") = "Holohome.Editor", "Holohome.Editor.csproj", "{1652DEBE-9A8D-AA68-19B6-D483D0F482B5}"
EndProject
Global
	GlobalSection(SolutionConfigurationPlatforms) = preSolution
		Debug|Any CPU = Debug|Any CPU
		Release|Any CPU = Release|Any CPU
	EndGlobalSection
	GlobalSection(ProjectConfigurationPlatforms) = postSolution
		{F3428F4B-7146-1FF5-7B03-90166108FEF9}.Debug|Any CPU.ActiveCfg = Debug|Any CPU
		{F3428F4B-7146-1FF5-7B03-90166108FEF9}.Debug|Any CPU.Build.0 = Debug|Any CPU
		{F3428F4B-7146-1FF5-7B03-90166108FEF9}.Release|Any CPU.ActiveCfg = Release|Any CPU
		{F3428F4B-7146-1FF5-7B03-90166108FEF9}.Release|Any CPU.Build.0 = Release|Any CPU
		{1652DEBE-9A8D-AA68-19B6-D483D0F482B5}.Debug|Any CPU.ActiveCfg = Debug|Any CPU
		{1652DEBE-9A8D-AA68-19B6-D483D0F482B5}.Debug|Any CPU.Build.0 = Debug|Any CPU
		{1652DEBE-9A8D-AA68-19B6-D483D0F482B5}.Release|Any CPU.ActiveCfg = Release|Any CPU
		{1652DEBE-9A8D-AA68-19B6-D483D0F482B5}.Release|Any CPU.Build.0 = Release|Any CPU
	EndGlobalSection
	GlobalSection(SolutionProperties) = preSolution
		HideSolutionNode = FALSE
	EndGlobalSection
EndGlobal
